
Microsoft Visual Studio Solution File, Format Version 12.00
# Visual Studio 15
VisualStudioVersion = 15.0.26124.0
MinimumVisualStudioVersion = 15.0.26124.0
Project("{FAE04EC0-301F-11D3-BF4B-00C04F79EFBC}") = "api", "api\api.csproj", "{87B76E77-E31F-45FE-8E9C-FDAD032AA9DF}"
EndProject
Project("{FAE04EC0-301F-11D3-BF4B-00C04F79EFBC}") = "api-tests", "api-tests\api-tests.csproj", "{63CEB62A-45E6-4EEF-A570-2331497A9B91}"
EndProject
Global
	GlobalSection(SolutionConfigurationPlatforms) = preSolution
		Debug|Any CPU = Debug|Any CPU
		Debug|x64 = Debug|x64
		Debug|x86 = Debug|x86
		Release|Any CPU = Release|Any CPU
		Release|x64 = Release|x64
		Release|x86 = Release|x86
	EndGlobalSection
	GlobalSection(SolutionProperties) = preSolution
		HideSolutionNode = FALSE
	EndGlobalSection
	GlobalSection(ProjectConfigurationPlatforms) = postSolution
		{87B76E77-E31F-45FE-8E9C-FDAD032AA9DF}.Debug|Any CPU.ActiveCfg = Debug|Any CPU
		{87B76E77-E31F-45FE-8E9C-FDAD032AA9DF}.Debug|Any CPU.Build.0 = Debug|Any CPU
		{87B76E77-E31F-45FE-8E9C-FDAD032AA9DF}.Debug|x64.ActiveCfg = Debug|Any CPU
		{87B76E77-E31F-45FE-8E9C-FDAD032AA9DF}.Debug|x64.Build.0 = Debug|Any CPU
		{87B76E77-E31F-45FE-8E9C-FDAD032AA9DF}.Debug|x86.ActiveCfg = Debug|Any CPU
		{87B76E77-E31F-45FE-8E9C-FDAD032AA9DF}.Debug|x86.Build.0 = Debug|Any CPU
		{87B76E77-E31F-45FE-8E9C-FDAD032AA9DF}.Release|Any CPU.ActiveCfg = Release|Any CPU
		{87B76E77-E31F-45FE-8E9C-FDAD032AA9DF}.Release|Any CPU.Build.0 = Release|Any CPU
		{87B76E77-E31F-45FE-8E9C-FDAD032AA9DF}.Release|x64.ActiveCfg = Release|Any CPU
		{87B76E77-E31F-45FE-8E9C-FDAD032AA9DF}.Release|x64.Build.0 = Release|Any CPU
		{87B76E77-E31F-45FE-8E9C-FDAD032AA9DF}.Release|x86.ActiveCfg = Release|Any CPU
		{87B76E77-E31F-45FE-8E9C-FDAD032AA9DF}.Release|x86.Build.0 = Release|Any CPU
		{63CEB62A-45E6-4EEF-A570-2331497A9B91}.Debug|Any CPU.ActiveCfg = Debug|Any CPU
		{63CEB62A-45E6-4EEF-A570-2331497A9B91}.Debug|Any CPU.Build.0 = Debug|Any CPU
		{63CEB62A-45E6-4EEF-A570-2331497A9B91}.Debug|x64.ActiveCfg = Debug|Any CPU
		{63CEB62A-45E6-4EEF-A570-2331497A9B91}.Debug|x64.Build.0 = Debug|Any CPU
		{63CEB62A-45E6-4EEF-A570-2331497A9B91}.Debug|x86.ActiveCfg = Debug|Any CPU
		{63CEB62A-45E6-4EEF-A570-2331497A9B91}.Debug|x86.Build.0 = Debug|Any CPU
		{63CEB62A-45E6-4EEF-A570-2331497A9B91}.Release|Any CPU.ActiveCfg = Release|Any CPU
		{63CEB62A-45E6-4EEF-A570-2331497A9B91}.Release|Any CPU.Build.0 = Release|Any CPU
		{63CEB62A-45E6-4EEF-A570-2331497A9B91}.Release|x64.ActiveCfg = Release|Any CPU
		{63CEB62A-45E6-4EEF-A570-2331497A9B91}.Release|x64.Build.0 = Release|Any CPU
		{63CEB62A-45E6-4EEF-A570-2331497A9B91}.Release|x86.ActiveCfg = Release|Any CPU
		{63CEB62A-45E6-4EEF-A570-2331497A9B91}.Release|x86.Build.0 = Release|Any CPU
	EndGlobalSection
EndGlobal
